
Microsoft Visual Studio Solution File, Format Version 12.00
# Visual Studio Version 17
VisualStudioVersion = 17.1.32328.378
MinimumVisualStudioVersion = 10.0.40219.1
Project("{9A19103F-16F7-4668-BE54-9A1E7A4F7556}") = "SharpEngine", "SharpEngine\SharpEngine.csproj", "{1C870B7B-7F95-4BFE-846C-D474D88D4246}"
EndProject
Project("{2150E333-8FDC-42A3-9474-1A3956D46DE8}") = "Demos", "Demos", "{D7A384F2-8C49-40DB-A170-04E43B1AC896}"
EndProject
Project("{9A19103F-16F7-4668-BE54-9A1E7A4F7556}") = "SE_BasicPhysics", "Demos\SE_BasicPhysics\SE_BasicPhysics.csproj", "{5FDC5474-066A-4C32-A966-8012766AA9B6}"
EndProject
Project("{9A19103F-16F7-4668-BE54-9A1E7A4F7556}") = "SharpEngineTests", "SharpEngineTests\SharpEngineTests.csproj", "{D3B77CEF-9EB4-438A-B699-02E0895AE5AB}"
EndProject
Project("{9A19103F-16F7-4668-BE54-9A1E7A4F7556}") = "SE_BasicWindow", "Demos\SE_BasicWindow\SE_BasicWindow.csproj", "{01649329-C55E-4F9B-9682-6E4AF3DE4600}"
EndProject
Project("{FAE04EC0-301F-11D3-BF4B-00C04F79EFBC}") = "SE_Particles", "Demos\SE_Particles\SE_Particles.csproj", "{BD45EF2A-437A-4BDD-AA4D-D3450E98F4EF}"
EndProject
Global
	GlobalSection(SolutionConfigurationPlatforms) = preSolution
		Debug|Any CPU = Debug|Any CPU
		Release|Any CPU = Release|Any CPU
	EndGlobalSection
	GlobalSection(ProjectConfigurationPlatforms) = postSolution
		{1C870B7B-7F95-4BFE-846C-D474D88D4246}.Debug|Any CPU.ActiveCfg = Debug|Any CPU
		{1C870B7B-7F95-4BFE-846C-D474D88D4246}.Debug|Any CPU.Build.0 = Debug|Any CPU
		{1C870B7B-7F95-4BFE-846C-D474D88D4246}.Release|Any CPU.ActiveCfg = Release|Any CPU
		{1C870B7B-7F95-4BFE-846C-D474D88D4246}.Release|Any CPU.Build.0 = Release|Any CPU
		{5FDC5474-066A-4C32-A966-8012766AA9B6}.Debug|Any CPU.ActiveCfg = Debug|Any CPU
		{5FDC5474-066A-4C32-A966-8012766AA9B6}.Debug|Any CPU.Build.0 = Debug|Any CPU
		{5FDC5474-066A-4C32-A966-8012766AA9B6}.Release|Any CPU.ActiveCfg = Release|Any CPU
		{5FDC5474-066A-4C32-A966-8012766AA9B6}.Release|Any CPU.Build.0 = Release|Any CPU
		{D3B77CEF-9EB4-438A-B699-02E0895AE5AB}.Debug|Any CPU.ActiveCfg = Debug|Any CPU
		{D3B77CEF-9EB4-438A-B699-02E0895AE5AB}.Debug|Any CPU.Build.0 = Debug|Any CPU
		{D3B77CEF-9EB4-438A-B699-02E0895AE5AB}.Release|Any CPU.ActiveCfg = Release|Any CPU
		{D3B77CEF-9EB4-438A-B699-02E0895AE5AB}.Release|Any CPU.Build.0 = Release|Any CPU
		{01649329-C55E-4F9B-9682-6E4AF3DE4600}.Debug|Any CPU.ActiveCfg = Debug|Any CPU
		{01649329-C55E-4F9B-9682-6E4AF3DE4600}.Debug|Any CPU.Build.0 = Debug|Any CPU
		{01649329-C55E-4F9B-9682-6E4AF3DE4600}.Release|Any CPU.ActiveCfg = Release|Any CPU
		{01649329-C55E-4F9B-9682-6E4AF3DE4600}.Release|Any CPU.Build.0 = Release|Any CPU
		{BD45EF2A-437A-4BDD-AA4D-D3450E98F4EF}.Debug|Any CPU.ActiveCfg = Debug|Any CPU
		{BD45EF2A-437A-4BDD-AA4D-D3450E98F4EF}.Debug|Any CPU.Build.0 = Debug|Any CPU
		{BD45EF2A-437A-4BDD-AA4D-D3450E98F4EF}.Release|Any CPU.ActiveCfg = Release|Any CPU
		{BD45EF2A-437A-4BDD-AA4D-D3450E98F4EF}.Release|Any CPU.Build.0 = Release|Any CPU
	EndGlobalSection
	GlobalSection(SolutionProperties) = preSolution
		HideSolutionNode = FALSE
	EndGlobalSection
	GlobalSection(NestedProjects) = preSolution
		{5FDC5474-066A-4C32-A966-8012766AA9B6} = {D7A384F2-8C49-40DB-A170-04E43B1AC896}
		{01649329-C55E-4F9B-9682-6E4AF3DE4600} = {D7A384F2-8C49-40DB-A170-04E43B1AC896}
		{BD45EF2A-437A-4BDD-AA4D-D3450E98F4EF} = {D7A384F2-8C49-40DB-A170-04E43B1AC896}
	EndGlobalSection
	GlobalSection(ExtensibilityGlobals) = postSolution
		SolutionGuid = {97AB38B8-E1F7-4018-8F1B-5BD9EA342E2D}
	EndGlobalSection
EndGlobal
