
Microsoft Visual Studio Solution File, Format Version 12.00
# Visual Studio Version 16
VisualStudioVersion = 16.0.31424.327
MinimumVisualStudioVersion = 10.0.40219.1
Project("{9A19103F-16F7-4668-BE54-9A1E7A4F7556}") = "SharpEngine", "SharpEngine\SharpEngine.csproj", "{1C870B7B-7F95-4BFE-846C-D474D88D4246}"
EndProject
Project("{9A19103F-16F7-4668-BE54-9A1E7A4F7556}") = "SharpEngineTest", "SharpEngineTest\SharpEngineTest.csproj", "{E16BB5B2-4F78-4EAA-B306-44D0C2C11E97}"
EndProject
Global
	GlobalSection(SolutionConfigurationPlatforms) = preSolution
		Debug|Any CPU = Debug|Any CPU
		Release|Any CPU = Release|Any CPU
	EndGlobalSection
	GlobalSection(ProjectConfigurationPlatforms) = postSolution
		{1C870B7B-7F95-4BFE-846C-D474D88D4246}.Debug|Any CPU.ActiveCfg = Debug|Any CPU
		{1C870B7B-7F95-4BFE-846C-D474D88D4246}.Debug|Any CPU.Build.0 = Debug|Any CPU
		{1C870B7B-7F95-4BFE-846C-D474D88D4246}.Release|Any CPU.ActiveCfg = Release|Any CPU
		{1C870B7B-7F95-4BFE-846C-D474D88D4246}.Release|Any CPU.Build.0 = Release|Any CPU
		{E16BB5B2-4F78-4EAA-B306-44D0C2C11E97}.Debug|Any CPU.ActiveCfg = Debug|Any CPU
		{E16BB5B2-4F78-4EAA-B306-44D0C2C11E97}.Debug|Any CPU.Build.0 = Debug|Any CPU
		{E16BB5B2-4F78-4EAA-B306-44D0C2C11E97}.Release|Any CPU.ActiveCfg = Release|Any CPU
		{E16BB5B2-4F78-4EAA-B306-44D0C2C11E97}.Release|Any CPU.Build.0 = Release|Any CPU
	EndGlobalSection
	GlobalSection(SolutionProperties) = preSolution
		HideSolutionNode = FALSE
	EndGlobalSection
	GlobalSection(ExtensibilityGlobals) = postSolution
		SolutionGuid = {97AB38B8-E1F7-4018-8F1B-5BD9EA342E2D}
	EndGlobalSection
EndGlobal
